// !$*UTF8*$!
{
	archiveVersion = 1;
	classes = {
	};
	objectVersion = 55;
	objects = {

/* Begin PBXBuildFile section */
		3D256A82F08DB35F4229F509 /* Pods_ThreadTest.framework in Frameworks */ = {isa = PBXBuildFile; fileRef = CEDDBDF95EF4D91D51A07D8B /* Pods_ThreadTest.framework */; };
		5C043A07289824D500F20639 /* AppDelegate.m in Sources */ = {isa = PBXBuildFile; fileRef = 5C043A06289824D500F20639 /* AppDelegate.m */; };
		5C043A0D289824D500F20639 /* ViewController.m in Sources */ = {isa = PBXBuildFile; fileRef = 5C043A0C289824D500F20639 /* ViewController.m */; };
		5C043A12289824D600F20639 /* Assets.xcassets in Resources */ = {isa = PBXBuildFile; fileRef = 5C043A11289824D600F20639 /* Assets.xcassets */; };
		5C043A15289824D600F20639 /* LaunchScreen.storyboard in Resources */ = {isa = PBXBuildFile; fileRef = 5C043A13289824D600F20639 /* LaunchScreen.storyboard */; };
		5C043A18289824D600F20639 /* main.m in Sources */ = {isa = PBXBuildFile; fileRef = 5C043A17289824D600F20639 /* main.m */; };
		5C043A22289824D600F20639 /* ThreadTestTests.m in Sources */ = {isa = PBXBuildFile; fileRef = 5C043A21289824D600F20639 /* ThreadTestTests.m */; };
		5C043A2C289824D600F20639 /* ThreadTestUITests.m in Sources */ = {isa = PBXBuildFile; fileRef = 5C043A2B289824D600F20639 /* ThreadTestUITests.m */; };
		5C043A2E289824D600F20639 /* ThreadTestUITestsLaunchTests.m in Sources */ = {isa = PBXBuildFile; fileRef = 5C043A2D289824D600F20639 /* ThreadTestUITestsLaunchTests.m */; };
		66C13977E833E4D621D6FD0D /* Pods_ThreadTest_ThreadTestUITests.framework in Frameworks */ = {isa = PBXBuildFile; fileRef = 1C05A5C9BD6159523C2FAA52 /* Pods_ThreadTest_ThreadTestUITests.framework */; };
		9419F9E45C75CC6FF974A5BB /* Pods_ThreadTestTests.framework in Frameworks */ = {isa = PBXBuildFile; fileRef = CA669AA8F046514754C1F806 /* Pods_ThreadTestTests.framework */; };
/* End PBXBuildFile section */

/* Begin PBXContainerItemProxy section */
		5C043A1E289824D600F20639 /* PBXContainerItemProxy */ = {
			isa = PBXContainerItemProxy;
			containerPortal = 5C0439FA289824D500F20639 /* Project object */;
			proxyType = 1;
			remoteGlobalIDString = 5C043A01289824D500F20639;
			remoteInfo = ThreadTest;
		};
		5C043A28289824D600F20639 /* PBXContainerItemProxy */ = {
			isa = PBXContainerItemProxy;
			containerPortal = 5C0439FA289824D500F20639 /* Project object */;
			proxyType = 1;
			remoteGlobalIDString = 5C043A01289824D500F20639;
			remoteInfo = ThreadTest;
		};
/* End PBXContainerItemProxy section */

/* Begin PBXFileReference section */
		0568FF67CBE2D2D6D414A5D7 /* Pods-ThreadTest-ThreadTestUITests.release.xcconfig */ = {isa = PBXFileReference; includeInIndex = 1; lastKnownFileType = text.xcconfig; name = "Pods-ThreadTest-ThreadTestUITests.release.xcconfig"; path = "Target Support Files/Pods-ThreadTest-ThreadTestUITests/Pods-ThreadTest-ThreadTestUITests.release.xcconfig"; sourceTree = "<group>"; };
		1C05A5C9BD6159523C2FAA52 /* Pods_ThreadTest_ThreadTestUITests.framework */ = {isa = PBXFileReference; explicitFileType = wrapper.framework; includeInIndex = 0; path = Pods_ThreadTest_ThreadTestUITests.framework; sourceTree = BUILT_PRODUCTS_DIR; };
		36302B0921C761D06DFE89CA /* Pods-ThreadTestTests.release.xcconfig */ = {isa = PBXFileReference; includeInIndex = 1; lastKnownFileType = text.xcconfig; name = "Pods-ThreadTestTests.release.xcconfig"; path = "Target Support Files/Pods-ThreadTestTests/Pods-ThreadTestTests.release.xcconfig"; sourceTree = "<group>"; };
		367B2405BD1C270250A57EF4 /* Pods-ThreadTest.debug.xcconfig */ = {isa = PBXFileReference; includeInIndex = 1; lastKnownFileType = text.xcconfig; name = "Pods-ThreadTest.debug.xcconfig"; path = "Target Support Files/Pods-ThreadTest/Pods-ThreadTest.debug.xcconfig"; sourceTree = "<group>"; };
		4C565219170558884D5AA8EB /* Pods-ThreadTestTests.debug.xcconfig */ = {isa = PBXFileReference; includeInIndex = 1; lastKnownFileType = text.xcconfig; name = "Pods-ThreadTestTests.debug.xcconfig"; path = "Target Support Files/Pods-ThreadTestTests/Pods-ThreadTestTests.debug.xcconfig"; sourceTree = "<group>"; };
		5C043A02289824D500F20639 /* ThreadTest.app */ = {isa = PBXFileReference; explicitFileType = wrapper.application; includeInIndex = 0; path = ThreadTest.app; sourceTree = BUILT_PRODUCTS_DIR; };
		5C043A05289824D500F20639 /* AppDelegate.h */ = {isa = PBXFileReference; lastKnownFileType = sourcecode.c.h; path = AppDelegate.h; sourceTree = "<group>"; };
		5C043A06289824D500F20639 /* AppDelegate.m */ = {isa = PBXFileReference; lastKnownFileType = sourcecode.c.objc; path = AppDelegate.m; sourceTree = "<group>"; };
		5C043A0B289824D500F20639 /* ViewController.h */ = {isa = PBXFileReference; lastKnownFileType = sourcecode.c.h; path = ViewController.h; sourceTree = "<group>"; };
		5C043A0C289824D500F20639 /* ViewController.m */ = {isa = PBXFileReference; lastKnownFileType = sourcecode.c.objc; path = ViewController.m; sourceTree = "<group>"; };
		5C043A11289824D600F20639 /* Assets.xcassets */ = {isa = PBXFileReference; lastKnownFileType = folder.assetcatalog; path = Assets.xcassets; sourceTree = "<group>"; };
		5C043A14289824D600F20639 /* Base */ = {isa = PBXFileReference; lastKnownFileType = file.storyboard; name = Base; path = Base.lproj/LaunchScreen.storyboard; sourceTree = "<group>"; };
		5C043A16289824D600F20639 /* Info.plist */ = {isa = PBXFileReference; lastKnownFileType = text.plist.xml; path = Info.plist; sourceTree = "<group>"; };
		5C043A17289824D600F20639 /* main.m */ = {isa = PBXFileReference; lastKnownFileType = sourcecode.c.objc; path = main.m; sourceTree = "<group>"; };
		5C043A1D289824D600F20639 /* ThreadTestTests.xctest */ = {isa = PBXFileReference; explicitFileType = wrapper.cfbundle; includeInIndex = 0; path = ThreadTestTests.xctest; sourceTree = BUILT_PRODUCTS_DIR; };
		5C043A21289824D600F20639 /* ThreadTestTests.m */ = {isa = PBXFileReference; lastKnownFileType = sourcecode.c.objc; path = ThreadTestTests.m; sourceTree = "<group>"; };
		5C043A27289824D600F20639 /* ThreadTestUITests.xctest */ = {isa = PBXFileReference; explicitFileType = wrapper.cfbundle; includeInIndex = 0; path = ThreadTestUITests.xctest; sourceTree = BUILT_PRODUCTS_DIR; };
		5C043A2B289824D600F20639 /* ThreadTestUITests.m */ = {isa = PBXFileReference; lastKnownFileType = sourcecode.c.objc; path = ThreadTestUITests.m; sourceTree = "<group>"; };
		5C043A2D289824D600F20639 /* ThreadTestUITestsLaunchTests.m */ = {isa = PBXFileReference; lastKnownFileType = sourcecode.c.objc; path = ThreadTestUITestsLaunchTests.m; sourceTree = "<group>"; };
		A636C49EBB6A6BEB974A41B5 /* Pods-ThreadTest.release.xcconfig */ = {isa = PBXFileReference; includeInIndex = 1; lastKnownFileType = text.xcconfig; name = "Pods-ThreadTest.release.xcconfig"; path = "Target Support Files/Pods-ThreadTest/Pods-ThreadTest.release.xcconfig"; sourceTree = "<group>"; };
		AAA348D87CF6801EC45F120A /* Pods-ThreadTest-ThreadTestUITests.debug.xcconfig */ = {isa = PBXFileReference; includeInIndex = 1; lastKnownFileType = text.xcconfig; name = "Pods-ThreadTest-ThreadTestUITests.debug.xcconfig"; path = "Target Support Files/Pods-ThreadTest-ThreadTestUITests/Pods-ThreadTest-ThreadTestUITests.debug.xcconfig"; sourceTree = "<group>"; };
		CA669AA8F046514754C1F806 /* Pods_ThreadTestTests.framework */ = {isa = PBXFileReference; explicitFileType = wrapper.framework; includeInIndex = 0; path = Pods_ThreadTestTests.framework; sourceTree = BUILT_PRODUCTS_DIR; };
		CEDDBDF95EF4D91D51A07D8B /* Pods_ThreadTest.framework */ = {isa = PBXFileReference; explicitFileType = wrapper.framework; includeInIndex = 0; path = Pods_ThreadTest.framework; sourceTree = BUILT_PRODUCTS_DIR; };
/* End PBXFileReference section */

/* Begin PBXFrameworksBuildPhase section */
		5C0439FF289824D500F20639 /* Frameworks */ = {
			isa = PBXFrameworksBuildPhase;
			buildActionMask = 2147483647;
			files = (
				3D256A82F08DB35F4229F509 /* Pods_ThreadTest.framework in Frameworks */,
			);
			runOnlyForDeploymentPostprocessing = 0;
		};
		5C043A1A289824D600F20639 /* Frameworks */ = {
			isa = PBXFrameworksBuildPhase;
			buildActionMask = 2147483647;
			files = (
				9419F9E45C75CC6FF974A5BB /* Pods_ThreadTestTests.framework in Frameworks */,
			);
			runOnlyForDeploymentPostprocessing = 0;
		};
		5C043A24289824D600F20639 /* Frameworks */ = {
			isa = PBXFrameworksBuildPhase;
			buildActionMask = 2147483647;
			files = (
				66C13977E833E4D621D6FD0D /* Pods_ThreadTest_ThreadTestUITests.framework in Frameworks */,
			);
			runOnlyForDeploymentPostprocessing = 0;
		};
/* End PBXFrameworksBuildPhase section */

/* Begin PBXGroup section */
		234C08744E163A38CC5000EE /* Pods */ = {
			isa = PBXGroup;
			children = (
				367B2405BD1C270250A57EF4 /* Pods-ThreadTest.debug.xcconfig */,
				A636C49EBB6A6BEB974A41B5 /* Pods-ThreadTest.release.xcconfig */,
				AAA348D87CF6801EC45F120A /* Pods-ThreadTest-ThreadTestUITests.debug.xcconfig */,
				0568FF67CBE2D2D6D414A5D7 /* Pods-ThreadTest-ThreadTestUITests.release.xcconfig */,
				4C565219170558884D5AA8EB /* Pods-ThreadTestTests.debug.xcconfig */,
				36302B0921C761D06DFE89CA /* Pods-ThreadTestTests.release.xcconfig */,
			);
			path = Pods;
			sourceTree = "<group>";
		};
		5C0439F9289824D500F20639 = {
			isa = PBXGroup;
			children = (
				5C043A04289824D500F20639 /* ThreadTest */,
				5C043A20289824D600F20639 /* ThreadTestTests */,
				5C043A2A289824D600F20639 /* ThreadTestUITests */,
				5C043A03289824D500F20639 /* Products */,
				234C08744E163A38CC5000EE /* Pods */,
				80CC091B26F9C4E901FC6A3F /* Frameworks */,
			);
			sourceTree = "<group>";
		};
		5C043A03289824D500F20639 /* Products */ = {
			isa = PBXGroup;
			children = (
				5C043A02289824D500F20639 /* ThreadTest.app */,
				5C043A1D289824D600F20639 /* ThreadTestTests.xctest */,
				5C043A27289824D600F20639 /* ThreadTestUITests.xctest */,
			);
			name = Products;
			sourceTree = "<group>";
		};
		5C043A04289824D500F20639 /* ThreadTest */ = {
			isa = PBXGroup;
			children = (
				5C043A05289824D500F20639 /* AppDelegate.h */,
				5C043A06289824D500F20639 /* AppDelegate.m */,
				5C043A0B289824D500F20639 /* ViewController.h */,
				5C043A0C289824D500F20639 /* ViewController.m */,
				5C043A11289824D600F20639 /* Assets.xcassets */,
				5C043A13289824D600F20639 /* LaunchScreen.storyboard */,
				5C043A16289824D600F20639 /* Info.plist */,
				5C043A17289824D600F20639 /* main.m */,
			);
			path = ThreadTest;
			sourceTree = "<group>";
		};
		5C043A20289824D600F20639 /* ThreadTestTests */ = {
			isa = PBXGroup;
			children = (
				5C043A21289824D600F20639 /* ThreadTestTests.m */,
			);
			path = ThreadTestTests;
			sourceTree = "<group>";
		};
		5C043A2A289824D600F20639 /* ThreadTestUITests */ = {
			isa = PBXGroup;
			children = (
				5C043A2B289824D600F20639 /* ThreadTestUITests.m */,
				5C043A2D289824D600F20639 /* ThreadTestUITestsLaunchTests.m */,
			);
			path = ThreadTestUITests;
			sourceTree = "<group>";
		};
		80CC091B26F9C4E901FC6A3F /* Frameworks */ = {
			isa = PBXGroup;
			children = (
				CEDDBDF95EF4D91D51A07D8B /* Pods_ThreadTest.framework */,
				1C05A5C9BD6159523C2FAA52 /* Pods_ThreadTest_ThreadTestUITests.framework */,
				CA669AA8F046514754C1F806 /* Pods_ThreadTestTests.framework */,
			);
			name = Frameworks;
			sourceTree = "<group>";
		};
/* End PBXGroup section */

/* Begin PBXNativeTarget section */
		5C043A01289824D500F20639 /* ThreadTest */ = {
			isa = PBXNativeTarget;
			buildConfigurationList = 5C043A31289824D600F20639 /* Build configuration list for PBXNativeTarget "ThreadTest" */;
			buildPhases = (
				3B7769B42C701C8909A56076 /* [CP] Check Pods Manifest.lock */,
				5C0439FE289824D500F20639 /* Sources */,
				5C0439FF289824D500F20639 /* Frameworks */,
				5C043A00289824D500F20639 /* Resources */,
				8E8B31FD197B89CBAF5E5B64 /* [CP] Embed Pods Frameworks */,
			);
			buildRules = (
			);
			dependencies = (
			);
			name = ThreadTest;
			productName = ThreadTest;
			productReference = 5C043A02289824D500F20639 /* ThreadTest.app */;
			productType = "com.apple.product-type.application";
		};
		5C043A1C289824D600F20639 /* ThreadTestTests */ = {
			isa = PBXNativeTarget;
			buildConfigurationList = 5C043A34289824D600F20639 /* Build configuration list for PBXNativeTarget "ThreadTestTests" */;
			buildPhases = (
				6898A9CC0CB8AF8278A18E6A /* [CP] Check Pods Manifest.lock */,
				5C043A19289824D600F20639 /* Sources */,
				5C043A1A289824D600F20639 /* Frameworks */,
				5C043A1B289824D600F20639 /* Resources */,
			);
			buildRules = (
			);
			dependencies = (
				5C043A1F289824D600F20639 /* PBXTargetDependency */,
			);
			name = ThreadTestTests;
			productName = ThreadTestTests;
			productReference = 5C043A1D289824D600F20639 /* ThreadTestTests.xctest */;
			productType = "com.apple.product-type.bundle.unit-test";
		};
		5C043A26289824D600F20639 /* ThreadTestUITests */ = {
			isa = PBXNativeTarget;
			buildConfigurationList = 5C043A37289824D600F20639 /* Build configuration list for PBXNativeTarget "ThreadTestUITests" */;
			buildPhases = (
				CAEEE696802F235A155FE80A /* [CP] Check Pods Manifest.lock */,
				5C043A23289824D600F20639 /* Sources */,
				5C043A24289824D600F20639 /* Frameworks */,
				5C043A25289824D600F20639 /* Resources */,
				09D3D47DB441E8A981B0AC79 /* [CP] Embed Pods Frameworks */,
			);
			buildRules = (
			);
			dependencies = (
				5C043A29289824D600F20639 /* PBXTargetDependency */,
			);
			name = ThreadTestUITests;
			productName = ThreadTestUITests;
			productReference = 5C043A27289824D600F20639 /* ThreadTestUITests.xctest */;
			productType = "com.apple.product-type.bundle.ui-testing";
		};
/* End PBXNativeTarget section */

/* Begin PBXProject section */
		5C0439FA289824D500F20639 /* Project object */ = {
			isa = PBXProject;
			attributes = {
				BuildIndependentTargetsInParallel = 1;
				LastUpgradeCheck = 1330;
				TargetAttributes = {
					5C043A01289824D500F20639 = {
						CreatedOnToolsVersion = 13.3.1;
					};
					5C043A1C289824D600F20639 = {
						CreatedOnToolsVersion = 13.3.1;
						TestTargetID = 5C043A01289824D500F20639;
					};
					5C043A26289824D600F20639 = {
						CreatedOnToolsVersion = 13.3.1;
						TestTargetID = 5C043A01289824D500F20639;
					};
				};
			};
			buildConfigurationList = 5C0439FD289824D500F20639 /* Build configuration list for PBXProject "ThreadTest" */;
			compatibilityVersion = "Xcode 13.0";
			developmentRegion = en;
			hasScannedForEncodings = 0;
			knownRegions = (
				en,
				Base,
			);
			mainGroup = 5C0439F9289824D500F20639;
			productRefGroup = 5C043A03289824D500F20639 /* Products */;
			projectDirPath = "";
			projectRoot = "";
			targets = (
				5C043A01289824D500F20639 /* ThreadTest */,
				5C043A1C289824D600F20639 /* ThreadTestTests */,
				5C043A26289824D600F20639 /* ThreadTestUITests */,
			);
		};
/* End PBXProject section */

/* Begin PBXResourcesBuildPhase section */
		5C043A00289824D500F20639 /* Resources */ = {
			isa = PBXResourcesBuildPhase;
			buildActionMask = 2147483647;
			files = (
				5C043A15289824D600F20639 /* LaunchScreen.storyboard in Resources */,
				5C043A12289824D600F20639 /* Assets.xcassets in Resources */,
			);
			runOnlyForDeploymentPostprocessing = 0;
		};
		5C043A1B289824D600F20639 /* Resources */ = {
			isa = PBXResourcesBuildPhase;
			buildActionMask = 2147483647;
			files = (
			);
			runOnlyForDeploymentPostprocessing = 0;
		};
		5C043A25289824D600F20639 /* Resources */ = {
			isa = PBXResourcesBuildPhase;
			buildActionMask = 2147483647;
			files = (
			);
			runOnlyForDeploymentPostprocessing = 0;
		};
/* End PBXResourcesBuildPhase section */

/* Begin PBXShellScriptBuildPhase section */
		09D3D47DB441E8A981B0AC79 /* [CP] Embed Pods Frameworks */ = {
			isa = PBXShellScriptBuildPhase;
			buildActionMask = 2147483647;
			files = (
			);
			inputFileListPaths = (
				"${PODS_ROOT}/Target Support Files/Pods-ThreadTest-ThreadTestUITests/Pods-ThreadTest-ThreadTestUITests-frameworks-${CONFIGURATION}-input-files.xcfilelist",
			);
			name = "[CP] Embed Pods Frameworks";
			outputFileListPaths = (
				"${PODS_ROOT}/Target Support Files/Pods-ThreadTest-ThreadTestUITests/Pods-ThreadTest-ThreadTestUITests-frameworks-${CONFIGURATION}-output-files.xcfilelist",
			);
			runOnlyForDeploymentPostprocessing = 0;
			shellPath = /bin/sh;
			shellScript = "\"${PODS_ROOT}/Target Support Files/Pods-ThreadTest-ThreadTestUITests/Pods-ThreadTest-ThreadTestUITests-frameworks.sh\"\n";
			showEnvVarsInLog = 0;
		};
		3B7769B42C701C8909A56076 /* [CP] Check Pods Manifest.lock */ = {
			isa = PBXShellScriptBuildPhase;
			buildActionMask = 2147483647;
			files = (
			);
			inputFileListPaths = (
			);
			inputPaths = (
				"${PODS_PODFILE_DIR_PATH}/Podfile.lock",
				"${PODS_ROOT}/Manifest.lock",
			);
			name = "[CP] Check Pods Manifest.lock";
			outputFileListPaths = (
			);
			outputPaths = (
				"$(DERIVED_FILE_DIR)/Pods-ThreadTest-checkManifestLockResult.txt",
			);
			runOnlyForDeploymentPostprocessing = 0;
			shellPath = /bin/sh;
			shellScript = "diff \"${PODS_PODFILE_DIR_PATH}/Podfile.lock\" \"${PODS_ROOT}/Manifest.lock\" > /dev/null\nif [ $? != 0 ] ; then\n    # print error to STDERR\n    echo \"error: The sandbox is not in sync with the Podfile.lock. Run 'pod install' or update your CocoaPods installation.\" >&2\n    exit 1\nfi\n# This output is used by Xcode 'outputs' to avoid re-running this script phase.\necho \"SUCCESS\" > \"${SCRIPT_OUTPUT_FILE_0}\"\n";
			showEnvVarsInLog = 0;
		};
		6898A9CC0CB8AF8278A18E6A /* [CP] Check Pods Manifest.lock */ = {
			isa = PBXShellScriptBuildPhase;
			buildActionMask = 2147483647;
			files = (
			);
			inputFileListPaths = (
			);
			inputPaths = (
				"${PODS_PODFILE_DIR_PATH}/Podfile.lock",
				"${PODS_ROOT}/Manifest.lock",
			);
			name = "[CP] Check Pods Manifest.lock";
			outputFileListPaths = (
			);
			outputPaths = (
				"$(DERIVED_FILE_DIR)/Pods-ThreadTestTests-checkManifestLockResult.txt",
			);
			runOnlyForDeploymentPostprocessing = 0;
			shellPath = /bin/sh;
			shellScript = "diff \"${PODS_PODFILE_DIR_PATH}/Podfile.lock\" \"${PODS_ROOT}/Manifest.lock\" > /dev/null\nif [ $? != 0 ] ; then\n    # print error to STDERR\n    echo \"error: The sandbox is not in sync with the Podfile.lock. Run 'pod install' or update your CocoaPods installation.\" >&2\n    exit 1\nfi\n# This output is used by Xcode 'outputs' to avoid re-running this script phase.\necho \"SUCCESS\" > \"${SCRIPT_OUTPUT_FILE_0}\"\n";
			showEnvVarsInLog = 0;
		};
		8E8B31FD197B89CBAF5E5B64 /* [CP] Embed Pods Frameworks */ = {
			isa = PBXShellScriptBuildPhase;
			buildActionMask = 2147483647;
			files = (
			);
			inputFileListPaths = (
				"${PODS_ROOT}/Target Support Files/Pods-ThreadTest/Pods-ThreadTest-frameworks-${CONFIGURATION}-input-files.xcfilelist",
			);
			name = "[CP] Embed Pods Frameworks";
			outputFileListPaths = (
				"${PODS_ROOT}/Target Support Files/Pods-ThreadTest/Pods-ThreadTest-frameworks-${CONFIGURATION}-output-files.xcfilelist",
			);
			runOnlyForDeploymentPostprocessing = 0;
			shellPath = /bin/sh;
			shellScript = "\"${PODS_ROOT}/Target Support Files/Pods-ThreadTest/Pods-ThreadTest-frameworks.sh\"\n";
			showEnvVarsInLog = 0;
		};
		CAEEE696802F235A155FE80A /* [CP] Check Pods Manifest.lock */ = {
			isa = PBXShellScriptBuildPhase;
			buildActionMask = 2147483647;
			files = (
			);
			inputFileListPaths = (
			);
			inputPaths = (
				"${PODS_PODFILE_DIR_PATH}/Podfile.lock",
				"${PODS_ROOT}/Manifest.lock",
			);
			name = "[CP] Check Pods Manifest.lock";
			outputFileListPaths = (
			);
			outputPaths = (
				"$(DERIVED_FILE_DIR)/Pods-ThreadTest-ThreadTestUITests-checkManifestLockResult.txt",
			);
			runOnlyForDeploymentPostprocessing = 0;
			shellPath = /bin/sh;
			shellScript = "diff \"${PODS_PODFILE_DIR_PATH}/Podfile.lock\" \"${PODS_ROOT}/Manifest.lock\" > /dev/null\nif [ $? != 0 ] ; then\n    # print error to STDERR\n    echo \"error: The sandbox is not in sync with the Podfile.lock. Run 'pod install' or update your CocoaPods installation.\" >&2\n    exit 1\nfi\n# This output is used by Xcode 'outputs' to avoid re-running this script phase.\necho \"SUCCESS\" > \"${SCRIPT_OUTPUT_FILE_0}\"\n";
			showEnvVarsInLog = 0;
		};
/* End PBXShellScriptBuildPhase section */

/* Begin PBXSourcesBuildPhase section */
		5C0439FE289824D500F20639 /* Sources */ = {
			isa = PBXSourcesBuildPhase;
			buildActionMask = 2147483647;
			files = (
				5C043A0D289824D500F20639 /* ViewController.m in Sources */,
				5C043A07289824D500F20639 /* AppDelegate.m in Sources */,
				5C043A18289824D600F20639 /* main.m in Sources */,
			);
			runOnlyForDeploymentPostprocessing = 0;
		};
		5C043A19289824D600F20639 /* Sources */ = {
			isa = PBXSourcesBuildPhase;
			buildActionMask = 2147483647;
			files = (
				5C043A22289824D600F20639 /* ThreadTestTests.m in Sources */,
			);
			runOnlyForDeploymentPostprocessing = 0;
		};
		5C043A23289824D600F20639 /* Sources */ = {
			isa = PBXSourcesBuildPhase;
			buildActionMask = 2147483647;
			files = (
				5C043A2E289824D600F20639 /* ThreadTestUITestsLaunchTests.m in Sources */,
				5C043A2C289824D600F20639 /* ThreadTestUITests.m in Sources */,
			);
			runOnlyForDeploymentPostprocessing = 0;
		};
/* End PBXSourcesBuildPhase section */

/* Begin PBXTargetDependency section */
		5C043A1F289824D600F20639 /* PBXTargetDependency */ = {
			isa = PBXTargetDependency;
			target = 5C043A01289824D500F20639 /* ThreadTest */;
			targetProxy = 5C043A1E289824D600F20639 /* PBXContainerItemProxy */;
		};
		5C043A29289824D600F20639 /* PBXTargetDependency */ = {
			isa = PBXTargetDependency;
			target = 5C043A01289824D500F20639 /* ThreadTest */;
			targetProxy = 5C043A28289824D600F20639 /* PBXContainerItemProxy */;
		};
/* End PBXTargetDependency section */

/* Begin PBXVariantGroup section */
		5C043A13289824D600F20639 /* LaunchScreen.storyboard */ = {
			isa = PBXVariantGroup;
			children = (
				5C043A14289824D600F20639 /* Base */,
			);
			name = LaunchScreen.storyboard;
			sourceTree = "<group>";
		};
/* End PBXVariantGroup section */

/* Begin XCBuildConfiguration section */
		5C043A2F289824D600F20639 /* Debug */ = {
			isa = XCBuildConfiguration;
			buildSettings = {
				ALWAYS_SEARCH_USER_PATHS = NO;
				CLANG_ANALYZER_NONNULL = YES;
				CLANG_ANALYZER_NUMBER_OBJECT_CONVERSION = YES_AGGRESSIVE;
				CLANG_CXX_LANGUAGE_STANDARD = "gnu++17";
				CLANG_ENABLE_MODULES = YES;
				CLANG_ENABLE_OBJC_ARC = YES;
				CLANG_ENABLE_OBJC_WEAK = YES;
				CLANG_WARN_BLOCK_CAPTURE_AUTORELEASING = YES;
				CLANG_WARN_BOOL_CONVERSION = YES;
				CLANG_WARN_COMMA = YES;
				CLANG_WARN_CONSTANT_CONVERSION = YES;
				CLANG_WARN_DEPRECATED_OBJC_IMPLEMENTATIONS = YES;
				CLANG_WARN_DIRECT_OBJC_ISA_USAGE = YES_ERROR;
				CLANG_WARN_DOCUMENTATION_COMMENTS = YES;
				CLANG_WARN_EMPTY_BODY = YES;
				CLANG_WARN_ENUM_CONVERSION = YES;
				CLANG_WARN_INFINITE_RECURSION = YES;
				CLANG_WARN_INT_CONVERSION = YES;
				CLANG_WARN_NON_LITERAL_NULL_CONVERSION = YES;
				CLANG_WARN_OBJC_IMPLICIT_RETAIN_SELF = YES;
				CLANG_WARN_OBJC_LITERAL_CONVERSION = YES;
				CLANG_WARN_OBJC_ROOT_CLASS = YES_ERROR;
				CLANG_WARN_QUOTED_INCLUDE_IN_FRAMEWORK_HEADER = YES;
				CLANG_WARN_RANGE_LOOP_ANALYSIS = YES;
				CLANG_WARN_STRICT_PROTOTYPES = YES;
				CLANG_WARN_SUSPICIOUS_MOVE = YES;
				CLANG_WARN_UNGUARDED_AVAILABILITY = YES_AGGRESSIVE;
				CLANG_WARN_UNREACHABLE_CODE = YES;
				CLANG_WARN__DUPLICATE_METHOD_MATCH = YES;
				COPY_PHASE_STRIP = NO;
				DEBUG_INFORMATION_FORMAT = dwarf;
				ENABLE_STRICT_OBJC_MSGSEND = YES;
				ENABLE_TESTABILITY = YES;
				GCC_C_LANGUAGE_STANDARD = gnu11;
				GCC_DYNAMIC_NO_PIC = NO;
				GCC_NO_COMMON_BLOCKS = YES;
				GCC_OPTIMIZATION_LEVEL = 0;
				GCC_PREPROCESSOR_DEFINITIONS = (
					"DEBUG=1",
					"$(inherited)",
				);
				GCC_WARN_64_TO_32_BIT_CONVERSION = YES;
				GCC_WARN_ABOUT_RETURN_TYPE = YES_ERROR;
				GCC_WARN_UNDECLARED_SELECTOR = YES;
				GCC_WARN_UNINITIALIZED_AUTOS = YES_AGGRESSIVE;
				GCC_WARN_UNUSED_FUNCTION = YES;
				GCC_WARN_UNUSED_VARIABLE = YES;
				IPHONEOS_DEPLOYMENT_TARGET = 15.4;
				MTL_ENABLE_DEBUG_INFO = INCLUDE_SOURCE;
				MTL_FAST_MATH = YES;
				ONLY_ACTIVE_ARCH = YES;
				SDKROOT = iphoneos;
				"USER_HEADER_SEARCH_PATHS[arch=*]" = "${SRCROOT}";
			};
			name = Debug;
		};
		5C043A30289824D600F20639 /* Release */ = {
			isa = XCBuildConfiguration;
			buildSettings = {
				ALWAYS_SEARCH_USER_PATHS = NO;
				CLANG_ANALYZER_NONNULL = YES;
				CLANG_ANALYZER_NUMBER_OBJECT_CONVERSION = YES_AGGRESSIVE;
				CLANG_CXX_LANGUAGE_STANDARD = "gnu++17";
				CLANG_ENABLE_MODULES = YES;
				CLANG_ENABLE_OBJC_ARC = YES;
				CLANG_ENABLE_OBJC_WEAK = YES;
				CLANG_WARN_BLOCK_CAPTURE_AUTORELEASING = YES;
				CLANG_WARN_BOOL_CONVERSION = YES;
				CLANG_WARN_COMMA = YES;
				CLANG_WARN_CONSTANT_CONVERSION = YES;
				CLANG_WARN_DEPRECATED_OBJC_IMPLEMENTATIONS = YES;
				CLANG_WARN_DIRECT_OBJC_ISA_USAGE = YES_ERROR;
				CLANG_WARN_DOCUMENTATION_COMMENTS = YES;
				CLANG_WARN_EMPTY_BODY = YES;
				CLANG_WARN_ENUM_CONVERSION = YES;
				CLANG_WARN_INFINITE_RECURSION = YES;
				CLANG_WARN_INT_CONVERSION = YES;
				CLANG_WARN_NON_LITERAL_NULL_CONVERSION = YES;
				CLANG_WARN_OBJC_IMPLICIT_RETAIN_SELF = YES;
				CLANG_WARN_OBJC_LITERAL_CONVERSION = YES;
				CLANG_WARN_OBJC_ROOT_CLASS = YES_ERROR;
				CLANG_WARN_QUOTED_INCLUDE_IN_FRAMEWORK_HEADER = YES;
				CLANG_WARN_RANGE_LOOP_ANALYSIS = YES;
				CLANG_WARN_STRICT_PROTOTYPES = YES;
				CLANG_WARN_SUSPICIOUS_MOVE = YES;
				CLANG_WARN_UNGUARDED_AVAILABILITY = YES_AGGRESSIVE;
				CLANG_WARN_UNREACHABLE_CODE = YES;
				CLANG_WARN__DUPLICATE_METHOD_MATCH = YES;
				COPY_PHASE_STRIP = NO;
				DEBUG_INFORMATION_FORMAT = "dwarf-with-dsym";
				ENABLE_NS_ASSERTIONS = NO;
				ENABLE_STRICT_OBJC_MSGSEND = YES;
				GCC_C_LANGUAGE_STANDARD = gnu11;
				GCC_NO_COMMON_BLOCKS = YES;
				GCC_WARN_64_TO_32_BIT_CONVERSION = YES;
				GCC_WARN_ABOUT_RETURN_TYPE = YES_ERROR;
				GCC_WARN_UNDECLARED_SELECTOR = YES;
				GCC_WARN_UNINITIALIZED_AUTOS = YES_AGGRESSIVE;
				GCC_WARN_UNUSED_FUNCTION = YES;
				GCC_WARN_UNUSED_VARIABLE = YES;
				IPHONEOS_DEPLOYMENT_TARGET = 15.4;
				MTL_ENABLE_DEBUG_INFO = NO;
				MTL_FAST_MATH = YES;
				SDKROOT = iphoneos;
				"USER_HEADER_SEARCH_PATHS[arch=*]" = "${SRCROOT}";
				VALIDATE_PRODUCT = YES;
			};
			name = Release;
		};
		5C043A32289824D600F20639 /* Debug */ = {
			isa = XCBuildConfiguration;
			baseConfigurationReference = 367B2405BD1C270250A57EF4 /* Pods-ThreadTest.debug.xcconfig */;
			buildSettings = {
				ALWAYS_SEARCH_USER_PATHS = YES;
				ASSETCATALOG_COMPILER_APPICON_NAME = AppIcon;
				ASSETCATALOG_COMPILER_GLOBAL_ACCENT_COLOR_NAME = AccentColor;
				CODE_SIGN_STYLE = Automatic;
				CURRENT_PROJECT_VERSION = 1;
				DEVELOPMENT_TEAM = 95VT929YHJ;
				GENERATE_INFOPLIST_FILE = YES;
				INFOPLIST_FILE = ThreadTest/Info.plist;
				INFOPLIST_KEY_UIApplicationSupportsIndirectInputEvents = YES;
				INFOPLIST_KEY_UILaunchStoryboardName = LaunchScreen;
				INFOPLIST_KEY_UISupportedInterfaceOrientations_iPad = "UIInterfaceOrientationPortrait UIInterfaceOrientationPortraitUpsideDown UIInterfaceOrientationLandscapeLeft UIInterfaceOrientationLandscapeRight";
				INFOPLIST_KEY_UISupportedInterfaceOrientations_iPhone = "UIInterfaceOrientationPortrait UIInterfaceOrientationLandscapeLeft UIInterfaceOrientationLandscapeRight";
				LD_RUNPATH_SEARCH_PATHS = (
					"$(inherited)",
					"@executable_path/Frameworks",
				);
				MARKETING_VERSION = 1.0;
				PRODUCT_BUNDLE_IDENTIFIER = com.atcumt.cnatom.ThreadTest;
				PRODUCT_NAME = "$(TARGET_NAME)";
				SWIFT_EMIT_LOC_STRINGS = YES;
				TARGETED_DEVICE_FAMILY = "1,2";
				"USER_HEADER_SEARCH_PATHS[arch=*]" = "${SRCROOT}";
			};
			name = Debug;
		};
		5C043A33289824D600F20639 /* Release */ = {
			isa = XCBuildConfiguration;
			baseConfigurationReference = A636C49EBB6A6BEB974A41B5 /* Pods-ThreadTest.release.xcconfig */;
			buildSettings = {
				ALWAYS_SEARCH_USER_PATHS = YES;
				ASSETCATALOG_COMPILER_APPICON_NAME = AppIcon;
				ASSETCATALOG_COMPILER_GLOBAL_ACCENT_COLOR_NAME = AccentColor;
				CODE_SIGN_STYLE = Automatic;
				CURRENT_PROJECT_VERSION = 1;
				DEVELOPMENT_TEAM = 95VT929YHJ;
				GENERATE_INFOPLIST_FILE = YES;
				INFOPLIST_FILE = ThreadTest/Info.plist;
				INFOPLIST_KEY_UIApplicationSupportsIndirectInputEvents = YES;
				INFOPLIST_KEY_UILaunchStoryboardName = LaunchScreen;
				INFOPLIST_KEY_UISupportedInterfaceOrientations_iPad = "UIInterfaceOrientationPortrait UIInterfaceOrientationPortraitUpsideDown UIInterfaceOrientationLandscapeLeft UIInterfaceOrientationLandscapeRight";
				INFOPLIST_KEY_UISupportedInterfaceOrientations_iPhone = "UIInterfaceOrientationPortrait UIInterfaceOrientationLandscapeLeft UIInterfaceOrientationLandscapeRight";
				LD_RUNPATH_SEARCH_PATHS = (
					"$(inherited)",
					"@executable_path/Frameworks",
				);
				MARKETING_VERSION = 1.0;
				PRODUCT_BUNDLE_IDENTIFIER = com.atcumt.cnatom.ThreadTest;
				PRODUCT_NAME = "$(TARGET_NAME)";
				SWIFT_EMIT_LOC_STRINGS = YES;
				TARGETED_DEVICE_FAMILY = "1,2";
				"USER_HEADER_SEARCH_PATHS[arch=*]" = "${SRCROOT}";
			};
			name = Release;
		};
		5C043A35289824D600F20639 /* Debug */ = {
			isa = XCBuildConfiguration;
			baseConfigurationReference = 4C565219170558884D5AA8EB /* Pods-ThreadTestTests.debug.xcconfig */;
			buildSettings = {
				BUNDLE_LOADER = "$(TEST_HOST)";
				CODE_SIGN_STYLE = Automatic;
				CURRENT_PROJECT_VERSION = 1;
				DEVELOPMENT_TEAM = 95VT929YHJ;
				GENERATE_INFOPLIST_FILE = YES;
				IPHONEOS_DEPLOYMENT_TARGET = 15.4;
				MARKETING_VERSION = 1.0;
				PRODUCT_BUNDLE_IDENTIFIER = com.atcumt.cnatom.ThreadTestTests;
				PRODUCT_NAME = "$(TARGET_NAME)";
				SWIFT_EMIT_LOC_STRINGS = NO;
				TARGETED_DEVICE_FAMILY = "1,2";
				TEST_HOST = "$(BUILT_PRODUCTS_DIR)/ThreadTest.app/ThreadTest";
			};
			name = Debug;
		};
		5C043A36289824D600F20639 /* Release */ = {
			isa = XCBuildConfiguration;
			baseConfigurationReference = 36302B0921C761D06DFE89CA /* Pods-ThreadTestTests.release.xcconfig */;
			buildSettings = {
				BUNDLE_LOADER = "$(TEST_HOST)";
				CODE_SIGN_STYLE = Automatic;
				CURRENT_PROJECT_VERSION = 1;
				DEVELOPMENT_TEAM = 95VT929YHJ;
				GENERATE_INFOPLIST_FILE = YES;
				IPHONEOS_DEPLOYMENT_TARGET = 15.4;
				MARKETING_VERSION = 1.0;
				PRODUCT_BUNDLE_IDENTIFIER = com.atcumt.cnatom.ThreadTestTests;
				PRODUCT_NAME = "$(TARGET_NAME)";
				SWIFT_EMIT_LOC_STRINGS = NO;
				TARGETED_DEVICE_FAMILY = "1,2";
				TEST_HOST = "$(BUILT_PRODUCTS_DIR)/ThreadTest.app/ThreadTest";
			};
			name = Release;
		};
		5C043A38289824D600F20639 /* Debug */ = {
			isa = XCBuildConfiguration;
			baseConfigurationReference = AAA348D87CF6801EC45F120A /* Pods-ThreadTest-ThreadTestUITests.debug.xcconfig */;
			buildSettings = {
				CODE_SIGN_STYLE = Automatic;
				CURRENT_PROJECT_VERSION = 1;
				DEVELOPMENT_TEAM = 95VT929YHJ;
				GENERATE_INFOPLIST_FILE = YES;
				MARKETING_VERSION = 1.0;
				PRODUCT_BUNDLE_IDENTIFIER = com.atcumt.cnatom.ThreadTestUITests;
				PRODUCT_NAME = "$(TARGET_NAME)";
				SWIFT_EMIT_LOC_STRINGS = NO;
				TARGETED_DEVICE_FAMILY = "1,2";
				TEST_TARGET_NAME = ThreadTest;
			};
			name = Debug;
		};
		5C043A39289824D600F20639 /* Release */ = {
			isa = XCBuildConfiguration;
			baseConfigurationReference = 0568FF67CBE2D2D6D414A5D7 /* Pods-ThreadTest-ThreadTestUITests.release.xcconfig */;
			buildSettings = {
				CODE_SIGN_STYLE = Automatic;
				CURRENT_PROJECT_VERSION = 1;
				DEVELOPMENT_TEAM = 95VT929YHJ;
				GENERATE_INFOPLIST_FILE = YES;
				MARKETING_VERSION = 1.0;
				PRODUCT_BUNDLE_IDENTIFIER = com.atcumt.cnatom.ThreadTestUITests;
				PRODUCT_NAME = "$(TARGET_NAME)";
				SWIFT_EMIT_LOC_STRINGS = NO;
				TARGETED_DEVICE_FAMILY = "1,2";
				TEST_TARGET_NAME = ThreadTest;
			};
			name = Release;
		};
/* End XCBuildConfiguration section */

/* Begin XCConfigurationList section */
		5C0439FD289824D500F20639 /* Build configuration list for PBXProject "ThreadTest" */ = {
			isa = XCConfigurationList;
			buildConfigurations = (
				5C043A2F289824D600F20639 /* Debug */,
				5C043A30289824D600F20639 /* Release */,
			);
			defaultConfigurationIsVisible = 0;
			defaultConfigurationName = Release;
		};
		5C043A31289824D600F20639 /* Build configuration list for PBXNativeTarget "ThreadTest" */ = {
			isa = XCConfigurationList;
			buildConfigurations = (
				5C043A32289824D600F20639 /* Debug */,
				5C043A33289824D600F20639 /* Release */,
			);
			defaultConfigurationIsVisible = 0;
			defaultConfigurationName = Release;
		};
		5C043A34289824D600F20639 /* Build configuration list for PBXNativeTarget "ThreadTestTests" */ = {
			isa = XCConfigurationList;
			buildConfigurations = (
				5C043A35289824D600F20639 /* Debug */,
				5C043A36289824D600F20639 /* Release */,
			);
			defaultConfigurationIsVisible = 0;
			defaultConfigurationName = Release;
		};
		5C043A37289824D600F20639 /* Build configuration list for PBXNativeTarget "ThreadTestUITests" */ = {
			isa = XCConfigurationList;
			buildConfigurations = (
				5C043A38289824D600F20639 /* Debug */,
				5C043A39289824D600F20639 /* Release */,
			);
			defaultConfigurationIsVisible = 0;
			defaultConfigurationName = Release;
		};
/* End XCConfigurationList section */
	};
	rootObject = 5C0439FA289824D500F20639 /* Project object */;
}
